
Microsoft Visual Studio Solution File, Format Version 12.00
# Visual Studio Version 16
VisualStudioVersion = 16.0.31515.178
MinimumVisualStudioVersion = 10.0.40219.1
Project("{FAE04EC0-301F-11D3-BF4B-00C04F79EFBC}") = "Any2Base64_Converter", "Any2Base64_Converter.csproj", "{911DFB75-246C-40A0-B5E1-8E68DE7404AA}"
EndProject
Global
	GlobalSection(SolutionConfigurationPlatforms) = preSolution
		Debug|Any CPU = Debug|Any CPU
		Release|Any CPU = Release|Any CPU
	EndGlobalSection
	GlobalSection(ProjectConfigurationPlatforms) = postSolution
		{911DFB75-246C-40A0-B5E1-8E68DE7404AA}.Debug|Any CPU.ActiveCfg = Debug|Any CPU
		{911DFB75-246C-40A0-B5E1-8E68DE7404AA}.Debug|Any CPU.Build.0 = Debug|Any CPU
		{911DFB75-246C-40A0-B5E1-8E68DE7404AA}.Release|Any CPU.ActiveCfg = Release|Any CPU
		{911DFB75-246C-40A0-B5E1-8E68DE7404AA}.Release|Any CPU.Build.0 = Release|Any CPU
	EndGlobalSection
	GlobalSection(SolutionProperties) = preSolution
		HideSolutionNode = FALSE
	EndGlobalSection
	GlobalSection(ExtensibilityGlobals) = postSolution
		SolutionGuid = {1F4C811B-8DC0-4604-9C1F-216DB53E3C54}
	EndGlobalSection
EndGlobal
